
Microsoft Visual Studio Solution File, Format Version 12.00
# Visual Studio Version 17
VisualStudioVersion = 17.3.32929.385
MinimumVisualStudioVersion = 10.0.40219.1
Project("{FAE04EC0-301F-11D3-BF4B-00C04F79EFBC}") = "Temazaro", "Temazaro\Temazaro.csproj", "{3B8F6F5A-CCFE-4E52-974D-A82AF5293353}"
EndProject
Global
	GlobalSection(SolutionConfigurationPlatforms) = preSolution
		Debug|Any CPU = Debug|Any CPU
		Release|Any CPU = Release|Any CPU
	EndGlobalSection
	GlobalSection(ProjectConfigurationPlatforms) = postSolution
		{3B8F6F5A-CCFE-4E52-974D-A82AF5293353}.Debug|Any CPU.ActiveCfg = Debug|Any CPU
		{3B8F6F5A-CCFE-4E52-974D-A82AF5293353}.Debug|Any CPU.Build.0 = Debug|Any CPU
		{3B8F6F5A-CCFE-4E52-974D-A82AF5293353}.Release|Any CPU.ActiveCfg = Release|Any CPU
		{3B8F6F5A-CCFE-4E52-974D-A82AF5293353}.Release|Any CPU.Build.0 = Release|Any CPU
	EndGlobalSection
	GlobalSection(SolutionProperties) = preSolution
		HideSolutionNode = FALSE
	EndGlobalSection
	GlobalSection(ExtensibilityGlobals) = postSolution
		SolutionGuid = {CFB5F836-8649-414E-AF39-273A85E786FF}
	EndGlobalSection
EndGlobal
